// !$*UTF8*$!
{
	archiveVersion = 1;
	classes = {
	};
	objectVersion = 51;
	objects = {

/* Begin PBXBuildFile section */
		21170BBB24005430007402F4 /* AppDelegate.swift in Sources */ = {isa = PBXBuildFile; fileRef = 21170BBA24005430007402F4 /* AppDelegate.swift */; };
		21170BBD24005430007402F4 /* ViewController.swift in Sources */ = {isa = PBXBuildFile; fileRef = 21170BBC24005430007402F4 /* ViewController.swift */; };
		21170BC024005430007402F4 /* Main.storyboard in Resources */ = {isa = PBXBuildFile; fileRef = 21170BBE24005430007402F4 /* Main.storyboard */; };
		21170BC224005433007402F4 /* Assets.xcassets in Resources */ = {isa = PBXBuildFile; fileRef = 21170BC124005433007402F4 /* Assets.xcassets */; };
		21170BC524005433007402F4 /* LaunchScreen.storyboard in Resources */ = {isa = PBXBuildFile; fileRef = 21170BC324005433007402F4 /* LaunchScreen.storyboard */; };
		215241432402354F005371CF /* UserDefaults+Helpers.swift in Sources */ = {isa = PBXBuildFile; fileRef = 215241422402354F005371CF /* UserDefaults+Helpers.swift */; };
		2152414524023BFA005371CF /* LoginViewController.swift in Sources */ = {isa = PBXBuildFile; fileRef = 2152414424023BFA005371CF /* LoginViewController.swift */; };
		2152414724023DAD005371CF /* RegisterViewController.swift in Sources */ = {isa = PBXBuildFile; fileRef = 2152414624023DAD005371CF /* RegisterViewController.swift */; };
		DF332D4687ED65AE6F4CDBF5 /* Pods_iOS_Auth.framework in Frameworks */ = {isa = PBXBuildFile; fileRef = F39885270B7D6697E79312B0 /* Pods_iOS_Auth.framework */; };
/* End PBXBuildFile section */

/* Begin PBXFileReference section */
		010F9B5E623C8C8CA62453B1 /* Pods-iOS-Auth.release.xcconfig */ = {isa = PBXFileReference; includeInIndex = 1; lastKnownFileType = text.xcconfig; name = "Pods-iOS-Auth.release.xcconfig"; path = "Target Support Files/Pods-iOS-Auth/Pods-iOS-Auth.release.xcconfig"; sourceTree = "<group>"; };
		21170BB724005430007402F4 /* iOS-Auth.app */ = {isa = PBXFileReference; explicitFileType = wrapper.application; includeInIndex = 0; path = "iOS-Auth.app"; sourceTree = BUILT_PRODUCTS_DIR; };
		21170BBA24005430007402F4 /* AppDelegate.swift */ = {isa = PBXFileReference; lastKnownFileType = sourcecode.swift; path = AppDelegate.swift; sourceTree = "<group>"; };
		21170BBC24005430007402F4 /* ViewController.swift */ = {isa = PBXFileReference; lastKnownFileType = sourcecode.swift; path = ViewController.swift; sourceTree = "<group>"; };
		21170BBF24005430007402F4 /* Base */ = {isa = PBXFileReference; lastKnownFileType = file.storyboard; name = Base; path = Base.lproj/Main.storyboard; sourceTree = "<group>"; };
		21170BC124005433007402F4 /* Assets.xcassets */ = {isa = PBXFileReference; lastKnownFileType = folder.assetcatalog; path = Assets.xcassets; sourceTree = "<group>"; };
		21170BC424005433007402F4 /* Base */ = {isa = PBXFileReference; lastKnownFileType = file.storyboard; name = Base; path = Base.lproj/LaunchScreen.storyboard; sourceTree = "<group>"; };
		21170BC624005433007402F4 /* Info.plist */ = {isa = PBXFileReference; lastKnownFileType = text.plist.xml; path = Info.plist; sourceTree = "<group>"; };
		215241422402354F005371CF /* UserDefaults+Helpers.swift */ = {isa = PBXFileReference; lastKnownFileType = sourcecode.swift; path = "UserDefaults+Helpers.swift"; sourceTree = "<group>"; };
		2152414424023BFA005371CF /* LoginViewController.swift */ = {isa = PBXFileReference; lastKnownFileType = sourcecode.swift; path = LoginViewController.swift; sourceTree = "<group>"; };
		2152414624023DAD005371CF /* RegisterViewController.swift */ = {isa = PBXFileReference; lastKnownFileType = sourcecode.swift; path = RegisterViewController.swift; sourceTree = "<group>"; };
		ACA2E7CEFAD0A845D08CFDCA /* Pods-iOS-Auth.debug.xcconfig */ = {isa = PBXFileReference; includeInIndex = 1; lastKnownFileType = text.xcconfig; name = "Pods-iOS-Auth.debug.xcconfig"; path = "Target Support Files/Pods-iOS-Auth/Pods-iOS-Auth.debug.xcconfig"; sourceTree = "<group>"; };
		F39885270B7D6697E79312B0 /* Pods_iOS_Auth.framework */ = {isa = PBXFileReference; explicitFileType = wrapper.framework; includeInIndex = 0; path = Pods_iOS_Auth.framework; sourceTree = BUILT_PRODUCTS_DIR; };
/* End PBXFileReference section */

/* Begin PBXFrameworksBuildPhase section */
		21170BB424005430007402F4 /* Frameworks */ = {
			isa = PBXFrameworksBuildPhase;
			buildActionMask = 2147483647;
			files = (
				DF332D4687ED65AE6F4CDBF5 /* Pods_iOS_Auth.framework in Frameworks */,
			);
			runOnlyForDeploymentPostprocessing = 0;
		};
/* End PBXFrameworksBuildPhase section */

/* Begin PBXGroup section */
		21170BAE24005430007402F4 = {
			isa = PBXGroup;
			children = (
				21170BB924005430007402F4 /* iOS-Auth */,
				21170BB824005430007402F4 /* Products */,
				C11DF6155CA850B48536DE7A /* Pods */,
				323D144BFBFC058E11ADC417 /* Frameworks */,
			);
			sourceTree = "<group>";
		};
		21170BB824005430007402F4 /* Products */ = {
			isa = PBXGroup;
			children = (
				21170BB724005430007402F4 /* iOS-Auth.app */,
			);
			name = Products;
			sourceTree = "<group>";
		};
		21170BB924005430007402F4 /* iOS-Auth */ = {
			isa = PBXGroup;
			children = (
				21170BBA24005430007402F4 /* AppDelegate.swift */,
				21170BBC24005430007402F4 /* ViewController.swift */,
				21170BBE24005430007402F4 /* Main.storyboard */,
				21170BC124005433007402F4 /* Assets.xcassets */,
				21170BC324005433007402F4 /* LaunchScreen.storyboard */,
				21170BC624005433007402F4 /* Info.plist */,
				215241422402354F005371CF /* UserDefaults+Helpers.swift */,
				2152414424023BFA005371CF /* LoginViewController.swift */,
				2152414624023DAD005371CF /* RegisterViewController.swift */,
			);
			path = "iOS-Auth";
			sourceTree = "<group>";
		};
		323D144BFBFC058E11ADC417 /* Frameworks */ = {
			isa = PBXGroup;
			children = (
				F39885270B7D6697E79312B0 /* Pods_iOS_Auth.framework */,
			);
			name = Frameworks;
			sourceTree = "<group>";
		};
		C11DF6155CA850B48536DE7A /* Pods */ = {
			isa = PBXGroup;
			children = (
				ACA2E7CEFAD0A845D08CFDCA /* Pods-iOS-Auth.debug.xcconfig */,
				010F9B5E623C8C8CA62453B1 /* Pods-iOS-Auth.release.xcconfig */,
			);
			path = Pods;
			sourceTree = "<group>";
		};
/* End PBXGroup section */

/* Begin PBXNativeTarget section */
		21170BB624005430007402F4 /* iOS-Auth */ = {
			isa = PBXNativeTarget;
			buildConfigurationList = 21170BC924005433007402F4 /* Build configuration list for PBXNativeTarget "iOS-Auth" */;
			buildPhases = (
				D1525FBC58E5B80B7F778B5B /* [CP] Check Pods Manifest.lock */,
				21170BB324005430007402F4 /* Sources */,
				21170BB424005430007402F4 /* Frameworks */,
				21170BB524005430007402F4 /* Resources */,
				5DD8AF949507135B0DE2719E /* [CP] Embed Pods Frameworks */,
			);
			buildRules = (
			);
			dependencies = (
			);
			name = "iOS-Auth";
			productName = "iOS-Auth";
			productReference = 21170BB724005430007402F4 /* iOS-Auth.app */;
			productType = "com.apple.product-type.application";
		};
/* End PBXNativeTarget section */

/* Begin PBXProject section */
		21170BAF24005430007402F4 /* Project object */ = {
			isa = PBXProject;
			attributes = {
				LastSwiftUpdateCheck = 1010;
				LastUpgradeCheck = 1010;
				ORGANIZATIONNAME = "Yasin Shamrat";
				TargetAttributes = {
					21170BB624005430007402F4 = {
						CreatedOnToolsVersion = 10.1;
					};
				};
			};
			buildConfigurationList = 21170BB224005430007402F4 /* Build configuration list for PBXProject "iOS-Auth" */;
			compatibilityVersion = "Xcode 9.3";
			developmentRegion = en;
			hasScannedForEncodings = 0;
			knownRegions = (
				en,
				Base,
			);
			mainGroup = 21170BAE24005430007402F4;
			productRefGroup = 21170BB824005430007402F4 /* Products */;
			projectDirPath = "";
			projectRoot = "";
			targets = (
				21170BB624005430007402F4 /* iOS-Auth */,
			);
		};
/* End PBXProject section */

/* Begin PBXResourcesBuildPhase section */
		21170BB524005430007402F4 /* Resources */ = {
			isa = PBXResourcesBuildPhase;
			buildActionMask = 2147483647;
			files = (
				21170BC524005433007402F4 /* LaunchScreen.storyboard in Resources */,
				21170BC224005433007402F4 /* Assets.xcassets in Resources */,
				21170BC024005430007402F4 /* Main.storyboard in Resources */,
			);
			runOnlyForDeploymentPostprocessing = 0;
		};
/* End PBXResourcesBuildPhase section */

/* Begin PBXShellScriptBuildPhase section */
		5DD8AF949507135B0DE2719E /* [CP] Embed Pods Frameworks */ = {
			isa = PBXShellScriptBuildPhase;
			buildActionMask = 2147483647;
			files = (
			);
			inputFileListPaths = (
				"${PODS_ROOT}/Target Support Files/Pods-iOS-Auth/Pods-iOS-Auth-frameworks-${CONFIGURATION}-input-files.xcfilelist",
			);
			name = "[CP] Embed Pods Frameworks";
			outputFileListPaths = (
				"${PODS_ROOT}/Target Support Files/Pods-iOS-Auth/Pods-iOS-Auth-frameworks-${CONFIGURATION}-output-files.xcfilelist",
			);
			runOnlyForDeploymentPostprocessing = 0;
			shellPath = /bin/sh;
			shellScript = "\"${PODS_ROOT}/Target Support Files/Pods-iOS-Auth/Pods-iOS-Auth-frameworks.sh\"\n";
			showEnvVarsInLog = 0;
		};
		D1525FBC58E5B80B7F778B5B /* [CP] Check Pods Manifest.lock */ = {
			isa = PBXShellScriptBuildPhase;
			buildActionMask = 2147483647;
			files = (
			);
			inputFileListPaths = (
			);
			inputPaths = (
				"${PODS_PODFILE_DIR_PATH}/Podfile.lock",
				"${PODS_ROOT}/Manifest.lock",
			);
			name = "[CP] Check Pods Manifest.lock";
			outputFileListPaths = (
			);
			outputPaths = (
				"$(DERIVED_FILE_DIR)/Pods-iOS-Auth-checkManifestLockResult.txt",
			);
			runOnlyForDeploymentPostprocessing = 0;
			shellPath = /bin/sh;
			shellScript = "diff \"${PODS_PODFILE_DIR_PATH}/Podfile.lock\" \"${PODS_ROOT}/Manifest.lock\" > /dev/null\nif [ $? != 0 ] ; then\n    # print error to STDERR\n    echo \"error: The sandbox is not in sync with the Podfile.lock. Run 'pod install' or update your CocoaPods installation.\" >&2\n    exit 1\nfi\n# This output is used by Xcode 'outputs' to avoid re-running this script phase.\necho \"SUCCESS\" > \"${SCRIPT_OUTPUT_FILE_0}\"\n";
			showEnvVarsInLog = 0;
		};
/* End PBXShellScriptBuildPhase section */

/* Begin PBXSourcesBuildPhase section */
		21170BB324005430007402F4 /* Sources */ = {
			isa = PBXSourcesBuildPhase;
			buildActionMask = 2147483647;
			files = (
				2152414524023BFA005371CF /* LoginViewController.swift in Sources */,
				2152414724023DAD005371CF /* RegisterViewController.swift in Sources */,
				215241432402354F005371CF /* UserDefaults+Helpers.swift in Sources */,
				21170BBD24005430007402F4 /* ViewController.swift in Sources */,
				21170BBB24005430007402F4 /* AppDelegate.swift in Sources */,
			);
			runOnlyForDeploymentPostprocessing = 0;
		};
/* End PBXSourcesBuildPhase section */

/* Begin PBXVariantGroup section */
		21170BBE24005430007402F4 /* Main.storyboard */ = {
			isa = PBXVariantGroup;
			children = (
				21170BBF24005430007402F4 /* Base */,
			);
			name = Main.storyboard;
			sourceTree = "<group>";
		};
		21170BC324005433007402F4 /* LaunchScreen.storyboard */ = {
			isa = PBXVariantGroup;
			children = (
				21170BC424005433007402F4 /* Base */,
			);
			name = LaunchScreen.storyboard;
			sourceTree = "<group>";
		};
/* End PBXVariantGroup section */

/* Begin XCBuildConfiguration section */
		21170BC724005433007402F4 /* Debug */ = {
			isa = XCBuildConfiguration;
			buildSettings = {
				ALWAYS_SEARCH_USER_PATHS = NO;
				CLANG_ANALYZER_NONNULL = YES;
				CLANG_ANALYZER_NUMBER_OBJECT_CONVERSION = YES_AGGRESSIVE;
				CLANG_CXX_LANGUAGE_STANDARD = "gnu++14";
				CLANG_CXX_LIBRARY = "libc++";
				CLANG_ENABLE_MODULES = YES;
				CLANG_ENABLE_OBJC_ARC = YES;
				CLANG_ENABLE_OBJC_WEAK = YES;
				CLANG_WARN_BLOCK_CAPTURE_AUTORELEASING = YES;
				CLANG_WARN_BOOL_CONVERSION = YES;
				CLANG_WARN_COMMA = YES;
				CLANG_WARN_CONSTANT_CONVERSION = YES;
				CLANG_WARN_DEPRECATED_OBJC_IMPLEMENTATIONS = YES;
				CLANG_WARN_DIRECT_OBJC_ISA_USAGE = YES_ERROR;
				CLANG_WARN_DOCUMENTATION_COMMENTS = YES;
				CLANG_WARN_EMPTY_BODY = YES;
				CLANG_WARN_ENUM_CONVERSION = YES;
				CLANG_WARN_INFINITE_RECURSION = YES;
				CLANG_WARN_INT_CONVERSION = YES;
				CLANG_WARN_NON_LITERAL_NULL_CONVERSION = YES;
				CLANG_WARN_OBJC_IMPLICIT_RETAIN_SELF = YES;
				CLANG_WARN_OBJC_LITERAL_CONVERSION = YES;
				CLANG_WARN_OBJC_ROOT_CLASS = YES_ERROR;
				CLANG_WARN_RANGE_LOOP_ANALYSIS = YES;
				CLANG_WARN_STRICT_PROTOTYPES = YES;
				CLANG_WARN_SUSPICIOUS_MOVE = YES;
				CLANG_WARN_UNGUARDED_AVAILABILITY = YES_AGGRESSIVE;
				CLANG_WARN_UNREACHABLE_CODE = YES;
				CLANG_WARN__DUPLICATE_METHOD_MATCH = YES;
				CODE_SIGN_IDENTITY = "iPhone Developer";
				COPY_PHASE_STRIP = NO;
				DEBUG_INFORMATION_FORMAT = dwarf;
				ENABLE_STRICT_OBJC_MSGSEND = YES;
				ENABLE_TESTABILITY = YES;
				GCC_C_LANGUAGE_STANDARD = gnu11;
				GCC_DYNAMIC_NO_PIC = NO;
				GCC_NO_COMMON_BLOCKS = YES;
				GCC_OPTIMIZATION_LEVEL = 0;
				GCC_PREPROCESSOR_DEFINITIONS = (
					"DEBUG=1",
					"$(inherited)",
				);
				GCC_WARN_64_TO_32_BIT_CONVERSION = YES;
				GCC_WARN_ABOUT_RETURN_TYPE = YES_ERROR;
				GCC_WARN_UNDECLARED_SELECTOR = YES;
				GCC_WARN_UNINITIALIZED_AUTOS = YES_AGGRESSIVE;
				GCC_WARN_UNUSED_FUNCTION = YES;
				GCC_WARN_UNUSED_VARIABLE = YES;
				IPHONEOS_DEPLOYMENT_TARGET = 12.1;
				MTL_ENABLE_DEBUG_INFO = INCLUDE_SOURCE;
				MTL_FAST_MATH = YES;
				ONLY_ACTIVE_ARCH = YES;
				SDKROOT = iphoneos;
				SWIFT_ACTIVE_COMPILATION_CONDITIONS = DEBUG;
				SWIFT_OPTIMIZATION_LEVEL = "-Onone";
			};
			name = Debug;
		};
		21170BC824005433007402F4 /* Release */ = {
			isa = XCBuildConfiguration;
			buildSettings = {
				ALWAYS_SEARCH_USER_PATHS = NO;
				CLANG_ANALYZER_NONNULL = YES;
				CLANG_ANALYZER_NUMBER_OBJECT_CONVERSION = YES_AGGRESSIVE;
				CLANG_CXX_LANGUAGE_STANDARD = "gnu++14";
				CLANG_CXX_LIBRARY = "libc++";
				CLANG_ENABLE_MODULES = YES;
				CLANG_ENABLE_OBJC_ARC = YES;
				CLANG_ENABLE_OBJC_WEAK = YES;
				CLANG_WARN_BLOCK_CAPTURE_AUTORELEASING = YES;
				CLANG_WARN_BOOL_CONVERSION = YES;
				CLANG_WARN_COMMA = YES;
				CLANG_WARN_CONSTANT_CONVERSION = YES;
				CLANG_WARN_DEPRECATED_OBJC_IMPLEMENTATIONS = YES;
				CLANG_WARN_DIRECT_OBJC_ISA_USAGE = YES_ERROR;
				CLANG_WARN_DOCUMENTATION_COMMENTS = YES;
				CLANG_WARN_EMPTY_BODY = YES;
				CLANG_WARN_ENUM_CONVERSION = YES;
				CLANG_WARN_INFINITE_RECURSION = YES;
				CLANG_WARN_INT_CONVERSION = YES;
				CLANG_WARN_NON_LITERAL_NULL_CONVERSION = YES;
				CLANG_WARN_OBJC_IMPLICIT_RETAIN_SELF = YES;
				CLANG_WARN_OBJC_LITERAL_CONVERSION = YES;
				CLANG_WARN_OBJC_ROOT_CLASS = YES_ERROR;
				CLANG_WARN_RANGE_LOOP_ANALYSIS = YES;
				CLANG_WARN_STRICT_PROTOTYPES = YES;
				CLANG_WARN_SUSPICIOUS_MOVE = YES;
				CLANG_WARN_UNGUARDED_AVAILABILITY = YES_AGGRESSIVE;
				CLANG_WARN_UNREACHABLE_CODE = YES;
				CLANG_WARN__DUPLICATE_METHOD_MATCH = YES;
				CODE_SIGN_IDENTITY = "iPhone Developer";
				COPY_PHASE_STRIP = NO;
				DEBUG_INFORMATION_FORMAT = "dwarf-with-dsym";
				ENABLE_NS_ASSERTIONS = NO;
				ENABLE_STRICT_OBJC_MSGSEND = YES;
				GCC_C_LANGUAGE_STANDARD = gnu11;
				GCC_NO_COMMON_BLOCKS = YES;
				GCC_WARN_64_TO_32_BIT_CONVERSION = YES;
				GCC_WARN_ABOUT_RETURN_TYPE = YES_ERROR;
				GCC_WARN_UNDECLARED_SELECTOR = YES;
				GCC_WARN_UNINITIALIZED_AUTOS = YES_AGGRESSIVE;
				GCC_WARN_UNUSED_FUNCTION = YES;
				GCC_WARN_UNUSED_VARIABLE = YES;
				IPHONEOS_DEPLOYMENT_TARGET = 12.1;
				MTL_ENABLE_DEBUG_INFO = NO;
				MTL_FAST_MATH = YES;
				SDKROOT = iphoneos;
				SWIFT_COMPILATION_MODE = wholemodule;
				SWIFT_OPTIMIZATION_LEVEL = "-O";
				VALIDATE_PRODUCT = YES;
			};
			name = Release;
		};
		21170BCA24005433007402F4 /* Debug */ = {
			isa = XCBuildConfiguration;
			baseConfigurationReference = ACA2E7CEFAD0A845D08CFDCA /* Pods-iOS-Auth.debug.xcconfig */;
			buildSettings = {
				ASSETCATALOG_COMPILER_APPICON_NAME = AppIcon;
				CODE_SIGN_STYLE = Automatic;
				DEVELOPMENT_TEAM = 98AMKL55GF;
				INFOPLIST_FILE = "iOS-Auth/Info.plist";
				LD_RUNPATH_SEARCH_PATHS = (
					"$(inherited)",
					"@executable_path/Frameworks",
				);
				PRODUCT_BUNDLE_IDENTIFIER = "com.shamrat.iOS-Auth";
				PRODUCT_NAME = "$(TARGET_NAME)";
				SWIFT_VERSION = 4.2;
				TARGETED_DEVICE_FAMILY = "1,2";
			};
			name = Debug;
		};
		21170BCB24005433007402F4 /* Release */ = {
			isa = XCBuildConfiguration;
			baseConfigurationReference = 010F9B5E623C8C8CA62453B1 /* Pods-iOS-Auth.release.xcconfig */;
			buildSettings = {
				ASSETCATALOG_COMPILER_APPICON_NAME = AppIcon;
				CODE_SIGN_STYLE = Automatic;
				DEVELOPMENT_TEAM = 98AMKL55GF;
				INFOPLIST_FILE = "iOS-Auth/Info.plist";
				LD_RUNPATH_SEARCH_PATHS = (
					"$(inherited)",
					"@executable_path/Frameworks",
				);
				PRODUCT_BUNDLE_IDENTIFIER = "com.shamrat.iOS-Auth";
				PRODUCT_NAME = "$(TARGET_NAME)";
				SWIFT_VERSION = 4.2;
				TARGETED_DEVICE_FAMILY = "1,2";
			};
			name = Release;
		};
/* End XCBuildConfiguration section */

/* Begin XCConfigurationList section */
		21170BB224005430007402F4 /* Build configuration list for PBXProject "iOS-Auth" */ = {
			isa = XCConfigurationList;
			buildConfigurations = (
				21170BC724005433007402F4 /* Debug */,
				21170BC824005433007402F4 /* Release */,
			);
			defaultConfigurationIsVisible = 0;
			defaultConfigurationName = Release;
		};
		21170BC924005433007402F4 /* Build configuration list for PBXNativeTarget "iOS-Auth" */ = {
			isa = XCConfigurationList;
			buildConfigurations = (
				21170BCA24005433007402F4 /* Debug */,
				21170BCB24005433007402F4 /* Release */,
			);
			defaultConfigurationIsVisible = 0;
			defaultConfigurationName = Release;
		};
/* End XCConfigurationList section */
	};
	rootObject = 21170BAF24005430007402F4 /* Project object */;
}
